
Microsoft Visual Studio Solution File, Format Version 12.00
# Visual Studio Version 17
VisualStudioVersion = 17.8.34330.188
MinimumVisualStudioVersion = 10.0.40219.1
Project("{FAE04EC0-301F-11D3-BF4B-00C04F79EFBC}") = "LaboratoryExercise1", "LaboratoryExercise1\LaboratoryExercise1.csproj", "{717FDED6-0F0C-48A7-990D-A59F2704687A}"
EndProject
Global
	GlobalSection(SolutionConfigurationPlatforms) = preSolution
		Debug|Any CPU = Debug|Any CPU
		Release|Any CPU = Release|Any CPU
	EndGlobalSection
	GlobalSection(ProjectConfigurationPlatforms) = postSolution
		{717FDED6-0F0C-48A7-990D-A59F2704687A}.Debug|Any CPU.ActiveCfg = Debug|Any CPU
		{717FDED6-0F0C-48A7-990D-A59F2704687A}.Debug|Any CPU.Build.0 = Debug|Any CPU
		{717FDED6-0F0C-48A7-990D-A59F2704687A}.Release|Any CPU.ActiveCfg = Release|Any CPU
		{717FDED6-0F0C-48A7-990D-A59F2704687A}.Release|Any CPU.Build.0 = Release|Any CPU
	EndGlobalSection
	GlobalSection(SolutionProperties) = preSolution
		HideSolutionNode = FALSE
	EndGlobalSection
	GlobalSection(ExtensibilityGlobals) = postSolution
		SolutionGuid = {145C003E-F449-4796-BB22-B24E399FBC1E}
	EndGlobalSection
EndGlobal
